{
  "requires": true,
  "lockfileVersion": 1,
  "dependencies": {
    "timeago-react": {
      "version": "3.0.4",
      "resolved": "https://registry.npmjs.org/timeago-react/-/timeago-react-3.0.4.tgz",
      "integrity": "sha512-cv6Bnm01VKyHoQCBKzk24+L9ycj3jLq3uEFpYILKGJT7UUXWEzC0TBCxforsvL4NSjcwqqHNKdEeqEFMNNoN2A==",
      "requires": {
        "timeago.js": "^4.0.0"
      }
    },
    "timeago.js": {
      "version": "4.0.2",
      "resolved": "https://registry.npmjs.org/timeago.js/-/timeago.js-4.0.2.tgz",
      "integrity": "sha512-a7wPxPdVlQL7lqvitHGGRsofhdwtkoSXPGATFuSOA2i1ZNQEPLrGnj68vOp2sOJTCFAQVXPeNMX/GctBaO9L2w=="
    }
  }
}
