{
  "requires": true,
  "lockfileVersion": 1,
  "dependencies": {
    "react-timeago": {
      "version": "6.2.1",
      "resolved": "https://registry.npmjs.org/react-timeago/-/react-timeago-6.2.1.tgz",
      "integrity": "sha512-b9EObWO8wy4qwfOzj+g/RQZRrPvtMv1Pz12FCdAWKWCXbDGt0rZLyiyTGEr0Lh1O8w5xa48CtRpl3LI+CtGCyw=="
    },
    "timeago.js": {
      "version": "4.0.2",
      "resolved": "https://registry.npmjs.org/timeago.js/-/timeago.js-4.0.2.tgz",
      "integrity": "sha512-a7wPxPdVlQL7lqvitHGGRsofhdwtkoSXPGATFuSOA2i1ZNQEPLrGnj68vOp2sOJTCFAQVXPeNMX/GctBaO9L2w=="
    }
  }
}
